
Microsoft Visual Studio Solution File, Format Version 12.00
# Visual Studio Version 17
VisualStudioVersion = 17.0.32112.339
MinimumVisualStudioVersion = 10.0.40219.1
Project("{FAE04EC0-301F-11D3-BF4B-00C04F79EFBC}") = "FileStreamAndStreamReader", "FileStreamAndStreamReader\FileStreamAndStreamReader.csproj", "{4F4CD3A8-8379-4FD8-A46E-B4C0D5B20209}"
EndProject
Global
	GlobalSection(SolutionConfigurationPlatforms) = preSolution
		Debug|Any CPU = Debug|Any CPU
		Release|Any CPU = Release|Any CPU
	EndGlobalSection
	GlobalSection(ProjectConfigurationPlatforms) = postSolution
		{4F4CD3A8-8379-4FD8-A46E-B4C0D5B20209}.Debug|Any CPU.ActiveCfg = Debug|Any CPU
		{4F4CD3A8-8379-4FD8-A46E-B4C0D5B20209}.Debug|Any CPU.Build.0 = Debug|Any CPU
		{4F4CD3A8-8379-4FD8-A46E-B4C0D5B20209}.Release|Any CPU.ActiveCfg = Release|Any CPU
		{4F4CD3A8-8379-4FD8-A46E-B4C0D5B20209}.Release|Any CPU.Build.0 = Release|Any CPU
	EndGlobalSection
	GlobalSection(SolutionProperties) = preSolution
		HideSolutionNode = FALSE
	EndGlobalSection
	GlobalSection(ExtensibilityGlobals) = postSolution
		SolutionGuid = {F0870B19-25A0-4A72-8B8E-11959D61ACB3}
	EndGlobalSection
EndGlobal
