
Microsoft Visual Studio Solution File, Format Version 12.00
# Visual Studio Version 16
VisualStudioVersion = 16.0.31729.503
MinimumVisualStudioVersion = 10.0.40219.1
Project("{FAE04EC0-301F-11D3-BF4B-00C04F79EFBC}") = "Lanchonete", "Lanchonete\Lanchonete.csproj", "{1E20C605-5781-46D1-A142-E06128DB75DE}"
EndProject
Global
	GlobalSection(SolutionConfigurationPlatforms) = preSolution
		Debug|Any CPU = Debug|Any CPU
		Release|Any CPU = Release|Any CPU
	EndGlobalSection
	GlobalSection(ProjectConfigurationPlatforms) = postSolution
		{1E20C605-5781-46D1-A142-E06128DB75DE}.Debug|Any CPU.ActiveCfg = Debug|Any CPU
		{1E20C605-5781-46D1-A142-E06128DB75DE}.Debug|Any CPU.Build.0 = Debug|Any CPU
		{1E20C605-5781-46D1-A142-E06128DB75DE}.Release|Any CPU.ActiveCfg = Release|Any CPU
		{1E20C605-5781-46D1-A142-E06128DB75DE}.Release|Any CPU.Build.0 = Release|Any CPU
	EndGlobalSection
	GlobalSection(SolutionProperties) = preSolution
		HideSolutionNode = FALSE
	EndGlobalSection
	GlobalSection(ExtensibilityGlobals) = postSolution
		SolutionGuid = {DBF70FC7-A1D6-4012-A240-B2C492350E4D}
	EndGlobalSection
EndGlobal
